
Microsoft Visual Studio Solution File, Format Version 12.00
# Visual Studio 15
VisualStudioVersion = 15.0.27428.2015
MinimumVisualStudioVersion = 10.0.40219.1
Project("{9A19103F-16F7-4668-BE54-9A1E7A4F7556}") = "WebApp", "WebApp\WebApp.csproj", "{0FC1D124-DD6D-40E1-8B86-1E96E2F726CB}"
EndProject
Global
	GlobalSection(SolutionConfigurationPlatforms) = preSolution
		Debug|Any CPU = Debug|Any CPU
		Release|Any CPU = Release|Any CPU
	EndGlobalSection
	GlobalSection(ProjectConfigurationPlatforms) = postSolution
		{0FC1D124-DD6D-40E1-8B86-1E96E2F726CB}.Debug|Any CPU.ActiveCfg = Debug|Any CPU
		{0FC1D124-DD6D-40E1-8B86-1E96E2F726CB}.Debug|Any CPU.Build.0 = Debug|Any CPU
		{0FC1D124-DD6D-40E1-8B86-1E96E2F726CB}.Release|Any CPU.ActiveCfg = Release|Any CPU
		{0FC1D124-DD6D-40E1-8B86-1E96E2F726CB}.Release|Any CPU.Build.0 = Release|Any CPU
	EndGlobalSection
	GlobalSection(SolutionProperties) = preSolution
		HideSolutionNode = FALSE
	EndGlobalSection
	GlobalSection(ExtensibilityGlobals) = postSolution
		SolutionGuid = {7D7E99FF-C861-407D-A996-EA8FACC36EE6}
	EndGlobalSection
EndGlobal
