
Microsoft Visual Studio Solution File, Format Version 12.00
# Visual Studio 15
VisualStudioVersion = 15.0.27428.2015
MinimumVisualStudioVersion = 10.0.40219.1
Project("{9A19103F-16F7-4668-BE54-9A1E7A4F7556}") = "WebApp", "WebApp\WebApp.csproj", "{0FC1D124-DD6D-40E1-8B86-1E96E2F726CB}"
EndProject
Project("{9A19103F-16F7-4668-BE54-9A1E7A4F7556}") = "WebApi", "WebApi\WebApi.csproj", "{4776770A-8652-4780-B185-C3EF6324B1B0}"
EndProject
Project("{2150E333-8FDC-42A3-9474-1A3956D46DE8}") = "docs", "docs", "{DB45EFD3-DE04-4323-9D00-A9F4AA031CBC}"
	ProjectSection(SolutionItems) = preProject
		docs\api-app-protected-by-keycloak.png = docs\api-app-protected-by-keycloak.png
		README.md = README.md
		docs\realm-ufab.json = docs\realm-ufab.json
		docs\web-mvc-protected-by-keycloak.png = docs\web-mvc-protected-by-keycloak.png
	EndProjectSection
EndProject
Global
	GlobalSection(SolutionConfigurationPlatforms) = preSolution
		Debug|Any CPU = Debug|Any CPU
		Release|Any CPU = Release|Any CPU
	EndGlobalSection
	GlobalSection(ProjectConfigurationPlatforms) = postSolution
		{0FC1D124-DD6D-40E1-8B86-1E96E2F726CB}.Debug|Any CPU.ActiveCfg = Debug|Any CPU
		{0FC1D124-DD6D-40E1-8B86-1E96E2F726CB}.Debug|Any CPU.Build.0 = Debug|Any CPU
		{0FC1D124-DD6D-40E1-8B86-1E96E2F726CB}.Release|Any CPU.ActiveCfg = Release|Any CPU
		{0FC1D124-DD6D-40E1-8B86-1E96E2F726CB}.Release|Any CPU.Build.0 = Release|Any CPU
		{4776770A-8652-4780-B185-C3EF6324B1B0}.Debug|Any CPU.ActiveCfg = Debug|Any CPU
		{4776770A-8652-4780-B185-C3EF6324B1B0}.Debug|Any CPU.Build.0 = Debug|Any CPU
		{4776770A-8652-4780-B185-C3EF6324B1B0}.Release|Any CPU.ActiveCfg = Release|Any CPU
		{4776770A-8652-4780-B185-C3EF6324B1B0}.Release|Any CPU.Build.0 = Release|Any CPU
	EndGlobalSection
	GlobalSection(SolutionProperties) = preSolution
		HideSolutionNode = FALSE
	EndGlobalSection
	GlobalSection(ExtensibilityGlobals) = postSolution
		SolutionGuid = {7D7E99FF-C861-407D-A996-EA8FACC36EE6}
	EndGlobalSection
EndGlobal
